
Microsoft Visual Studio Solution File, Format Version 12.00
# Visual Studio Version 17
VisualStudioVersion = 17.3.32929.385
MinimumVisualStudioVersion = 10.0.40219.1
Project("{FAE04EC0-301F-11D3-BF4B-00C04F79EFBC}") = "User_Management", "User_Management\User_Management.csproj", "{FF032C9B-A330-4E14-937A-6DEF54066FA8}"
EndProject
Global
	GlobalSection(SolutionConfigurationPlatforms) = preSolution
		Debug|Any CPU = Debug|Any CPU
		Release|Any CPU = Release|Any CPU
	EndGlobalSection
	GlobalSection(ProjectConfigurationPlatforms) = postSolution
		{FF032C9B-A330-4E14-937A-6DEF54066FA8}.Debug|Any CPU.ActiveCfg = Debug|Any CPU
		{FF032C9B-A330-4E14-937A-6DEF54066FA8}.Debug|Any CPU.Build.0 = Debug|Any CPU
		{FF032C9B-A330-4E14-937A-6DEF54066FA8}.Release|Any CPU.ActiveCfg = Release|Any CPU
		{FF032C9B-A330-4E14-937A-6DEF54066FA8}.Release|Any CPU.Build.0 = Release|Any CPU
	EndGlobalSection
	GlobalSection(SolutionProperties) = preSolution
		HideSolutionNode = FALSE
	EndGlobalSection
	GlobalSection(ExtensibilityGlobals) = postSolution
		SolutionGuid = {20C7BF5D-5413-40E9-A37C-9DFCD5F726FF}
	EndGlobalSection
EndGlobal
