
Microsoft Visual Studio Solution File, Format Version 12.00
# Visual Studio Version 17
VisualStudioVersion = 17.5.33502.453
MinimumVisualStudioVersion = 10.0.40219.1
Project("{FAE04EC0-301F-11D3-BF4B-00C04F79EFBC}") = "task_three", "task_three.csproj", "{B084B889-4EF1-46CD-B6B0-FEE0CD4F285E}"
EndProject
Global
	GlobalSection(SolutionConfigurationPlatforms) = preSolution
		Debug|Any CPU = Debug|Any CPU
		Release|Any CPU = Release|Any CPU
	EndGlobalSection
	GlobalSection(ProjectConfigurationPlatforms) = postSolution
		{B084B889-4EF1-46CD-B6B0-FEE0CD4F285E}.Debug|Any CPU.ActiveCfg = Debug|Any CPU
		{B084B889-4EF1-46CD-B6B0-FEE0CD4F285E}.Debug|Any CPU.Build.0 = Debug|Any CPU
		{B084B889-4EF1-46CD-B6B0-FEE0CD4F285E}.Release|Any CPU.ActiveCfg = Release|Any CPU
		{B084B889-4EF1-46CD-B6B0-FEE0CD4F285E}.Release|Any CPU.Build.0 = Release|Any CPU
	EndGlobalSection
	GlobalSection(SolutionProperties) = preSolution
		HideSolutionNode = FALSE
	EndGlobalSection
	GlobalSection(ExtensibilityGlobals) = postSolution
		SolutionGuid = {98AFCEDF-0BA5-415C-9BF8-E466A99E21FA}
	EndGlobalSection
EndGlobal
