
Microsoft Visual Studio Solution File, Format Version 12.00
# Visual Studio Version 17
VisualStudioVersion = 17.5.33516.290
MinimumVisualStudioVersion = 10.0.40219.1
Project("{FAE04EC0-301F-11D3-BF4B-00C04F79EFBC}") = "UserManagement.API", "UserManagement.API\UserManagement.API.csproj", "{010B6AA1-3963-4ACB-B74D-990E371261CA}"
EndProject
Project("{FAE04EC0-301F-11D3-BF4B-00C04F79EFBC}") = "UserManagement.Domain", "UserManagement.Domain\UserManagement.Domain.csproj", "{B98A8E9C-C439-4ACF-B49A-56F5F303A173}"
EndProject
Project("{FAE04EC0-301F-11D3-BF4B-00C04F79EFBC}") = "UserManagement.DataAccess", "UserManagement.DataAccess\UserManagement.DataAccess.csproj", "{A67A5F41-3C28-49AC-8D41-585639777E74}"
EndProject
Global
	GlobalSection(SolutionConfigurationPlatforms) = preSolution
		Debug|Any CPU = Debug|Any CPU
		Release|Any CPU = Release|Any CPU
	EndGlobalSection
	GlobalSection(ProjectConfigurationPlatforms) = postSolution
		{010B6AA1-3963-4ACB-B74D-990E371261CA}.Debug|Any CPU.ActiveCfg = Debug|Any CPU
		{010B6AA1-3963-4ACB-B74D-990E371261CA}.Debug|Any CPU.Build.0 = Debug|Any CPU
		{010B6AA1-3963-4ACB-B74D-990E371261CA}.Release|Any CPU.ActiveCfg = Release|Any CPU
		{010B6AA1-3963-4ACB-B74D-990E371261CA}.Release|Any CPU.Build.0 = Release|Any CPU
		{B98A8E9C-C439-4ACF-B49A-56F5F303A173}.Debug|Any CPU.ActiveCfg = Debug|Any CPU
		{B98A8E9C-C439-4ACF-B49A-56F5F303A173}.Debug|Any CPU.Build.0 = Debug|Any CPU
		{B98A8E9C-C439-4ACF-B49A-56F5F303A173}.Release|Any CPU.ActiveCfg = Release|Any CPU
		{B98A8E9C-C439-4ACF-B49A-56F5F303A173}.Release|Any CPU.Build.0 = Release|Any CPU
		{A67A5F41-3C28-49AC-8D41-585639777E74}.Debug|Any CPU.ActiveCfg = Debug|Any CPU
		{A67A5F41-3C28-49AC-8D41-585639777E74}.Debug|Any CPU.Build.0 = Debug|Any CPU
		{A67A5F41-3C28-49AC-8D41-585639777E74}.Release|Any CPU.ActiveCfg = Release|Any CPU
		{A67A5F41-3C28-49AC-8D41-585639777E74}.Release|Any CPU.Build.0 = Release|Any CPU
	EndGlobalSection
	GlobalSection(SolutionProperties) = preSolution
		HideSolutionNode = FALSE
	EndGlobalSection
	GlobalSection(ExtensibilityGlobals) = postSolution
		SolutionGuid = {B8C5544F-3524-4601-A46C-8FBA7FECAF21}
	EndGlobalSection
EndGlobal
