
Microsoft Visual Studio Solution File, Format Version 12.00
# Visual Studio Version 17
VisualStudioVersion = 17.5.33516.290
MinimumVisualStudioVersion = 10.0.40219.1
Project("{9A19103F-16F7-4668-BE54-9A1E7A4F7556}") = "UserCachingAuth", "UserCachingAuth\UserCachingAuth.csproj", "{87CF8A69-839E-46EF-AA71-0DC743F24B70}"
EndProject
Project("{9A19103F-16F7-4668-BE54-9A1E7A4F7556}") = "UserSecurityDataAccess", "UserSecurity.DataAccess\UserSecurityDataAccess.csproj", "{D32CBE11-C924-4A3C-966E-25FEE627EDF3}"
EndProject
Project("{9A19103F-16F7-4668-BE54-9A1E7A4F7556}") = "UserSecurityDomain", "UserSecurity.Domain\UserSecurityDomain.csproj", "{53B86E20-92D2-4F70-BE04-2809F4DA0EA2}"
EndProject
Global
	GlobalSection(SolutionConfigurationPlatforms) = preSolution
		Debug|Any CPU = Debug|Any CPU
		Release|Any CPU = Release|Any CPU
	EndGlobalSection
	GlobalSection(ProjectConfigurationPlatforms) = postSolution
		{87CF8A69-839E-46EF-AA71-0DC743F24B70}.Debug|Any CPU.ActiveCfg = Debug|Any CPU
		{87CF8A69-839E-46EF-AA71-0DC743F24B70}.Debug|Any CPU.Build.0 = Debug|Any CPU
		{87CF8A69-839E-46EF-AA71-0DC743F24B70}.Release|Any CPU.ActiveCfg = Release|Any CPU
		{87CF8A69-839E-46EF-AA71-0DC743F24B70}.Release|Any CPU.Build.0 = Release|Any CPU
		{D32CBE11-C924-4A3C-966E-25FEE627EDF3}.Debug|Any CPU.ActiveCfg = Debug|Any CPU
		{D32CBE11-C924-4A3C-966E-25FEE627EDF3}.Debug|Any CPU.Build.0 = Debug|Any CPU
		{D32CBE11-C924-4A3C-966E-25FEE627EDF3}.Release|Any CPU.ActiveCfg = Release|Any CPU
		{D32CBE11-C924-4A3C-966E-25FEE627EDF3}.Release|Any CPU.Build.0 = Release|Any CPU
		{53B86E20-92D2-4F70-BE04-2809F4DA0EA2}.Debug|Any CPU.ActiveCfg = Debug|Any CPU
		{53B86E20-92D2-4F70-BE04-2809F4DA0EA2}.Debug|Any CPU.Build.0 = Debug|Any CPU
		{53B86E20-92D2-4F70-BE04-2809F4DA0EA2}.Release|Any CPU.ActiveCfg = Release|Any CPU
		{53B86E20-92D2-4F70-BE04-2809F4DA0EA2}.Release|Any CPU.Build.0 = Release|Any CPU
	EndGlobalSection
	GlobalSection(SolutionProperties) = preSolution
		HideSolutionNode = FALSE
	EndGlobalSection
	GlobalSection(ExtensibilityGlobals) = postSolution
		SolutionGuid = {24BF2D9B-BAFF-4731-B693-528FF200122B}
	EndGlobalSection
EndGlobal
