
Microsoft Visual Studio Solution File, Format Version 12.00
# Visual Studio Version 17
VisualStudioVersion = 17.3.32819.101
MinimumVisualStudioVersion = 10.0.40219.1
Project("{FAE04EC0-301F-11D3-BF4B-00C04F79EFBC}") = "LibraryAPi", "LibraryAPi\LibraryAPi.csproj", "{D988C9D8-21B7-4C37-A080-6003BC0BE9EE}"
EndProject
Global
	GlobalSection(SolutionConfigurationPlatforms) = preSolution
		Debug|Any CPU = Debug|Any CPU
		Release|Any CPU = Release|Any CPU
	EndGlobalSection
	GlobalSection(ProjectConfigurationPlatforms) = postSolution
		{D988C9D8-21B7-4C37-A080-6003BC0BE9EE}.Debug|Any CPU.ActiveCfg = Debug|Any CPU
		{D988C9D8-21B7-4C37-A080-6003BC0BE9EE}.Debug|Any CPU.Build.0 = Debug|Any CPU
		{D988C9D8-21B7-4C37-A080-6003BC0BE9EE}.Release|Any CPU.ActiveCfg = Release|Any CPU
		{D988C9D8-21B7-4C37-A080-6003BC0BE9EE}.Release|Any CPU.Build.0 = Release|Any CPU
	EndGlobalSection
	GlobalSection(SolutionProperties) = preSolution
		HideSolutionNode = FALSE
	EndGlobalSection
	GlobalSection(ExtensibilityGlobals) = postSolution
		SolutionGuid = {4FF24995-C503-4E25-9948-F48EDBC9A3BC}
	EndGlobalSection
EndGlobal
