
Microsoft Visual Studio Solution File, Format Version 12.00
# Visual Studio Version 17
VisualStudioVersion = 17.5.33502.453
MinimumVisualStudioVersion = 10.0.40219.1
Project("{FAE04EC0-301F-11D3-BF4B-00C04F79EFBC}") = "User_Management_App.API", "User_Management_App\User_Management_App.API.csproj", "{B8A8106A-0B6A-44A6-BEBB-80BF13BC782E}"
EndProject
Project("{FAE04EC0-301F-11D3-BF4B-00C04F79EFBC}") = "User_Management.Domain", "User_Management.Domain\User_Management.Domain.csproj", "{B0C8B2EB-4F12-4263-8E53-0A2A3FF1F12E}"
EndProject
Project("{FAE04EC0-301F-11D3-BF4B-00C04F79EFBC}") = "User_Management.DataAccess", "User_Management.DataAccess\User_Management.DataAccess.csproj", "{3E30DCC5-2B5E-47ED-8D86-6CA2668103F3}"
EndProject
Global
	GlobalSection(SolutionConfigurationPlatforms) = preSolution
		Debug|Any CPU = Debug|Any CPU
		Release|Any CPU = Release|Any CPU
	EndGlobalSection
	GlobalSection(ProjectConfigurationPlatforms) = postSolution
		{B8A8106A-0B6A-44A6-BEBB-80BF13BC782E}.Debug|Any CPU.ActiveCfg = Debug|Any CPU
		{B8A8106A-0B6A-44A6-BEBB-80BF13BC782E}.Debug|Any CPU.Build.0 = Debug|Any CPU
		{B8A8106A-0B6A-44A6-BEBB-80BF13BC782E}.Release|Any CPU.ActiveCfg = Release|Any CPU
		{B8A8106A-0B6A-44A6-BEBB-80BF13BC782E}.Release|Any CPU.Build.0 = Release|Any CPU
		{B0C8B2EB-4F12-4263-8E53-0A2A3FF1F12E}.Debug|Any CPU.ActiveCfg = Debug|Any CPU
		{B0C8B2EB-4F12-4263-8E53-0A2A3FF1F12E}.Debug|Any CPU.Build.0 = Debug|Any CPU
		{B0C8B2EB-4F12-4263-8E53-0A2A3FF1F12E}.Release|Any CPU.ActiveCfg = Release|Any CPU
		{B0C8B2EB-4F12-4263-8E53-0A2A3FF1F12E}.Release|Any CPU.Build.0 = Release|Any CPU
		{3E30DCC5-2B5E-47ED-8D86-6CA2668103F3}.Debug|Any CPU.ActiveCfg = Debug|Any CPU
		{3E30DCC5-2B5E-47ED-8D86-6CA2668103F3}.Debug|Any CPU.Build.0 = Debug|Any CPU
		{3E30DCC5-2B5E-47ED-8D86-6CA2668103F3}.Release|Any CPU.ActiveCfg = Release|Any CPU
		{3E30DCC5-2B5E-47ED-8D86-6CA2668103F3}.Release|Any CPU.Build.0 = Release|Any CPU
	EndGlobalSection
	GlobalSection(SolutionProperties) = preSolution
		HideSolutionNode = FALSE
	EndGlobalSection
	GlobalSection(ExtensibilityGlobals) = postSolution
		SolutionGuid = {FFFBA6FA-7CC8-4475-883E-27A795BF5EEF}
	EndGlobalSection
EndGlobal
